
Microsoft Visual Studio Solution File, Format Version 12.00
# Visual Studio Version 17
VisualStudioVersion = 17.6.33815.320
MinimumVisualStudioVersion = 10.0.40219.1
Project("{FAE04EC0-301F-11D3-BF4B-00C04F79EFBC}") = "EnterScore", "EnterScore\EnterScore.csproj", "{6B524466-EF6E-481A-8ACA-AE0F097B2AA8}"
EndProject
Project("{FAE04EC0-301F-11D3-BF4B-00C04F79EFBC}") = "BusinessLayer", "BusinessLayer\BusinessLayer.csproj", "{3D983EFB-0460-4413-BABF-3F72DFAB9CC4}"
EndProject
Project("{FAE04EC0-301F-11D3-BF4B-00C04F79EFBC}") = "DataAccessLayer", "DataAccessLayer\DataAccessLayer.csproj", "{123EA72E-4808-474B-9C1B-C46537810C8C}"
EndProject
Project("{FAE04EC0-301F-11D3-BF4B-00C04F79EFBC}") = "DTOLayer", "DTOLayer\DTOLayer.csproj", "{492B6E22-6301-46FF-81EE-98B504FF90AF}"
EndProject
Project("{FAE04EC0-301F-11D3-BF4B-00C04F79EFBC}") = "EntityLayer", "EntityLayer\EntityLayer.csproj", "{E5BA0072-C6E2-4BDC-801C-8C7B1FDBF25D}"
EndProject
Global
	GlobalSection(SolutionConfigurationPlatforms) = preSolution
		Debug|Any CPU = Debug|Any CPU
		Release|Any CPU = Release|Any CPU
	EndGlobalSection
	GlobalSection(ProjectConfigurationPlatforms) = postSolution
		{6B524466-EF6E-481A-8ACA-AE0F097B2AA8}.Debug|Any CPU.ActiveCfg = Debug|Any CPU
		{6B524466-EF6E-481A-8ACA-AE0F097B2AA8}.Debug|Any CPU.Build.0 = Debug|Any CPU
		{6B524466-EF6E-481A-8ACA-AE0F097B2AA8}.Release|Any CPU.ActiveCfg = Release|Any CPU
		{6B524466-EF6E-481A-8ACA-AE0F097B2AA8}.Release|Any CPU.Build.0 = Release|Any CPU
		{3D983EFB-0460-4413-BABF-3F72DFAB9CC4}.Debug|Any CPU.ActiveCfg = Debug|Any CPU
		{3D983EFB-0460-4413-BABF-3F72DFAB9CC4}.Debug|Any CPU.Build.0 = Debug|Any CPU
		{3D983EFB-0460-4413-BABF-3F72DFAB9CC4}.Release|Any CPU.ActiveCfg = Release|Any CPU
		{3D983EFB-0460-4413-BABF-3F72DFAB9CC4}.Release|Any CPU.Build.0 = Release|Any CPU
		{123EA72E-4808-474B-9C1B-C46537810C8C}.Debug|Any CPU.ActiveCfg = Debug|Any CPU
		{123EA72E-4808-474B-9C1B-C46537810C8C}.Debug|Any CPU.Build.0 = Debug|Any CPU
		{123EA72E-4808-474B-9C1B-C46537810C8C}.Release|Any CPU.ActiveCfg = Release|Any CPU
		{123EA72E-4808-474B-9C1B-C46537810C8C}.Release|Any CPU.Build.0 = Release|Any CPU
		{492B6E22-6301-46FF-81EE-98B504FF90AF}.Debug|Any CPU.ActiveCfg = Debug|Any CPU
		{492B6E22-6301-46FF-81EE-98B504FF90AF}.Debug|Any CPU.Build.0 = Debug|Any CPU
		{492B6E22-6301-46FF-81EE-98B504FF90AF}.Release|Any CPU.ActiveCfg = Release|Any CPU
		{492B6E22-6301-46FF-81EE-98B504FF90AF}.Release|Any CPU.Build.0 = Release|Any CPU
		{E5BA0072-C6E2-4BDC-801C-8C7B1FDBF25D}.Debug|Any CPU.ActiveCfg = Debug|Any CPU
		{E5BA0072-C6E2-4BDC-801C-8C7B1FDBF25D}.Debug|Any CPU.Build.0 = Debug|Any CPU
		{E5BA0072-C6E2-4BDC-801C-8C7B1FDBF25D}.Release|Any CPU.ActiveCfg = Release|Any CPU
		{E5BA0072-C6E2-4BDC-801C-8C7B1FDBF25D}.Release|Any CPU.Build.0 = Release|Any CPU
	EndGlobalSection
	GlobalSection(SolutionProperties) = preSolution
		HideSolutionNode = FALSE
	EndGlobalSection
	GlobalSection(ExtensibilityGlobals) = postSolution
		SolutionGuid = {C306EED2-645C-4F29-BF78-1C4DDC5E4264}
	EndGlobalSection
EndGlobal
